
Microsoft Visual Studio Solution File, Format Version 12.00
# Visual Studio Version 16
VisualStudioVersion = 16.0.30804.86
MinimumVisualStudioVersion = 10.0.40219.1
Project("{9A19103F-16F7-4668-BE54-9A1E7A4F7556}") = "ErrorHandalingAndLog", "ErrorHandalingAndLog.csproj", "{2D6C1FEB-17F1-411D-B430-64189B88D088}"
EndProject
Project("{FAE04EC0-301F-11D3-BF4B-00C04F79EFBC}") = "Extension_consoleLog", "..\Extension_consoleLog\Extension_consoleLog.csproj", "{0DD5B882-6A35-43CE-A068-5AB8BE776E1D}"
EndProject
Global
	GlobalSection(SolutionConfigurationPlatforms) = preSolution
		Debug|Any CPU = Debug|Any CPU
		Release|Any CPU = Release|Any CPU
	EndGlobalSection
	GlobalSection(ProjectConfigurationPlatforms) = postSolution
		{2D6C1FEB-17F1-411D-B430-64189B88D088}.Debug|Any CPU.ActiveCfg = Debug|Any CPU
		{2D6C1FEB-17F1-411D-B430-64189B88D088}.Debug|Any CPU.Build.0 = Debug|Any CPU
		{2D6C1FEB-17F1-411D-B430-64189B88D088}.Release|Any CPU.ActiveCfg = Release|Any CPU
		{2D6C1FEB-17F1-411D-B430-64189B88D088}.Release|Any CPU.Build.0 = Release|Any CPU
		{0DD5B882-6A35-43CE-A068-5AB8BE776E1D}.Debug|Any CPU.ActiveCfg = Debug|Any CPU
		{0DD5B882-6A35-43CE-A068-5AB8BE776E1D}.Debug|Any CPU.Build.0 = Debug|Any CPU
		{0DD5B882-6A35-43CE-A068-5AB8BE776E1D}.Release|Any CPU.ActiveCfg = Release|Any CPU
		{0DD5B882-6A35-43CE-A068-5AB8BE776E1D}.Release|Any CPU.Build.0 = Release|Any CPU
	EndGlobalSection
	GlobalSection(SolutionProperties) = preSolution
		HideSolutionNode = FALSE
	EndGlobalSection
	GlobalSection(ExtensibilityGlobals) = postSolution
		SolutionGuid = {5617BA85-9D7F-4879-8B69-626C12E2E786}
	EndGlobalSection
EndGlobal
